
Microsoft Visual Studio Solution File, Format Version 12.00
# Visual Studio Version 17
VisualStudioVersion = 17.0.31903.59
MinimumVisualStudioVersion = 10.0.40219.1
Project("{FAE04EC0-301F-11D3-BF4B-00C04F79EFBC}") = "SkyBlockAuctionScanner", "SkyBlockAuctionScanner\SkyBlockAuctionScanner.csproj", "{5E6049DF-88FC-4454-A0EE-53DCF130C52F}"
EndProject
Project("{FAE04EC0-301F-11D3-BF4B-00C04F79EFBC}") = "SkyBlockAPILib", "SkyBlockAPILib\SkyBlockAPILib.csproj", "{3B8FF4C5-E22E-4CDB-91CB-76D940766A37}"
EndProject
Project("{FAE04EC0-301F-11D3-BF4B-00C04F79EFBC}") = "ShareX.HelpersLib", "ShareX\ShareX.HelpersLib\ShareX.HelpersLib.csproj", "{327750E1-9FB7-4CC3-8AEA-9BC42180CAD3}"
EndProject
Global
	GlobalSection(SolutionConfigurationPlatforms) = preSolution
		Debug|Any CPU = Debug|Any CPU
		Release|Any CPU = Release|Any CPU
	EndGlobalSection
	GlobalSection(ProjectConfigurationPlatforms) = postSolution
		{5E6049DF-88FC-4454-A0EE-53DCF130C52F}.Debug|Any CPU.ActiveCfg = Debug|Any CPU
		{5E6049DF-88FC-4454-A0EE-53DCF130C52F}.Debug|Any CPU.Build.0 = Debug|Any CPU
		{5E6049DF-88FC-4454-A0EE-53DCF130C52F}.Release|Any CPU.ActiveCfg = Release|Any CPU
		{5E6049DF-88FC-4454-A0EE-53DCF130C52F}.Release|Any CPU.Build.0 = Release|Any CPU
		{3B8FF4C5-E22E-4CDB-91CB-76D940766A37}.Debug|Any CPU.ActiveCfg = Debug|Any CPU
		{3B8FF4C5-E22E-4CDB-91CB-76D940766A37}.Debug|Any CPU.Build.0 = Debug|Any CPU
		{3B8FF4C5-E22E-4CDB-91CB-76D940766A37}.Release|Any CPU.ActiveCfg = Release|Any CPU
		{3B8FF4C5-E22E-4CDB-91CB-76D940766A37}.Release|Any CPU.Build.0 = Release|Any CPU
		{327750E1-9FB7-4CC3-8AEA-9BC42180CAD3}.Debug|Any CPU.ActiveCfg = Debug|Any CPU
		{327750E1-9FB7-4CC3-8AEA-9BC42180CAD3}.Debug|Any CPU.Build.0 = Debug|Any CPU
		{327750E1-9FB7-4CC3-8AEA-9BC42180CAD3}.Release|Any CPU.ActiveCfg = Release|Any CPU
		{327750E1-9FB7-4CC3-8AEA-9BC42180CAD3}.Release|Any CPU.Build.0 = Release|Any CPU
	EndGlobalSection
	GlobalSection(SolutionProperties) = preSolution
		HideSolutionNode = FALSE
	EndGlobalSection
	GlobalSection(ExtensibilityGlobals) = postSolution
		SolutionGuid = {2D5EBD9E-69D3-4313-9920-A49F550CAD08}
	EndGlobalSection
EndGlobal
